<?xml version="1.0" encoding="UTF-8" standalone="yes" ?>
<CodeBlocks_project_file>
	<FileVersion major="1" minor="6" />
	<Project>
		<Option title="yatish" />
		<Option platforms="Unix;" />
		<Option pch_mode="2" />
		<Option compiler="gcc" />
		<Build>
			<Target title="Debug">
				<Option output="bin/Debug/yatish" prefix_auto="1" extension_auto="1" />
				<Option object_output="obj/Debug/" />
				<Option type="0" />
				<Option compiler="gcc" />
				<Option projectLinkerOptionsRelation="2" />
				<Compiler>
					<Add option="-Wall" />
					<Add option="-g" />
				</Compiler>
			</Target>
			<Target title="Release">
				<Option output="bin/Release/yatish" prefix_auto="1" extension_auto="1" />
				<Option object_output="obj/Release/" />
				<Option type="0" />
				<Option compiler="gcc" />
				<Option projectLinkerOptionsRelation="2" />
				<Compiler>
					<Add option="-O2" />
					<Add option="-Wall" />
					<Add option="-DNDEBUG" />
				</Compiler>
				<Linker>
					<Add option="-s" />
					<Add option="-no-pie" />
				</Linker>
				<ExtraCommands>
					<Add after='sed -i &quot;s/&lt;svn:.*&gt;/&lt;svn:`svnversion`&gt;/&quot; fr/yatish.po' />
					<Add after="msgfmt -o fr/yatish.mo fr/yatish.po" />
				</ExtraCommands>
			</Target>
		</Build>
		<Compiler>
			<Add option="-Wall" />
			<Add option="`wx-config --cflags`" />
			<Add option="-Winvalid-pch" />
			<Add option="-DWX_PRECOMP" />
			<Add directory="/usr/local/include" />
			<Add directory="src" />
		</Compiler>
		<Linker>
			<Add option="`wx-config --libs`" />
			<Add library="wxdatabase" />
			<Add library="wxcode_gtk3u_pdfdoc-3.0" />
			<Add library="mathplot" />
			<Add library="wxcode_gtk3u_freechart-3.0" />
			<Add library="wxcharts" />
			<Add directory="/usr/local/lib" />
		</Linker>
		<Unit filename="src/wx_pch.h">
			<Option compile="1" />
		</Unit>
		<Unit filename="src/yatishApp.cpp" />
		<Unit filename="src/yatishApp.h" />
		<Unit filename="src/yatishDB.cpp" />
		<Unit filename="src/yatishDB.h" />
		<Unit filename="src/yatishDBmysql.cpp" />
		<Unit filename="src/yatishDBmysql.h" />
		<Unit filename="src/yatishDBsqlite.cpp" />
		<Unit filename="src/yatishDBsqlite.h" />
		<Unit filename="src/yatishDlgActivity.cpp" />
		<Unit filename="src/yatishDlgActivity.h" />
		<Unit filename="src/yatishDlgFilter.cpp" />
		<Unit filename="src/yatishDlgFilter.h" />
		<Unit filename="src/yatishDlgName.cpp" />
		<Unit filename="src/yatishDlgName.h" />
		<Unit filename="src/yatishDlgProject.cpp" />
		<Unit filename="src/yatishDlgProject.h" />
		<Unit filename="src/yatishDlgTimeslot.cpp" />
		<Unit filename="src/yatishDlgTimeslot.h" />
		<Unit filename="src/yatishFrame.cpp" />
		<Unit filename="src/yatishFrame.h" />
		<Unit filename="src/yatishPDF.cpp" />
		<Unit filename="src/yatishPDF.h" />
		<Unit filename="src/yatishPlot.cpp" />
		<Unit filename="src/yatishPlot.h" />
		<Unit filename="src/yatishSettings.cpp" />
		<Unit filename="src/yatishSettings.h" />
		<Unit filename="src/yatishTypes.h" />
		<Unit filename="wxsmith/yatishDlgActivity.wxs" />
		<Unit filename="wxsmith/yatishDlgFilter.wxs" />
		<Unit filename="wxsmith/yatishDlgName.wxs" />
		<Unit filename="wxsmith/yatishDlgProject.wxs" />
		<Unit filename="wxsmith/yatishDlgTimeslot.wxs" />
		<Unit filename="wxsmith/yatishFrame.wxs" />
		<Unit filename="wxsmith/yatishSettings.wxs" />
		<Extensions>
			<lib_finder disable_auto="1" />
			<wxsmith version="1">
				<gui name="wxWidgets" src="src/yatishApp.cpp" main="yatishFrame" init_handlers="necessary" language="CPP" />
				<resources>
					<wxFrame wxs="wxsmith/yatishFrame.wxs" src="src/yatishFrame.cpp" hdr="src/yatishFrame.h" fwddecl="0" i18n="1" name="yatishFrame" language="CPP" />
					<wxDialog wxs="wxsmith/yatishDlgName.wxs" src="src/yatishDlgName.cpp" hdr="src/yatishDlgName.h" fwddecl="0" i18n="1" name="yatishDlgName" language="CPP" />
					<wxDialog wxs="wxsmith/yatishDlgProject.wxs" src="src/yatishDlgProject.cpp" hdr="src/yatishDlgProject.h" fwddecl="0" i18n="1" name="yatishDlgProject" language="CPP" />
					<wxDialog wxs="wxsmith/yatishDlgActivity.wxs" src="src/yatishDlgActivity.cpp" hdr="src/yatishDlgActivity.h" fwddecl="0" i18n="1" name="yatishDlgActivity" language="CPP" />
					<wxDialog wxs="wxsmith/yatishDlgTimeslot.wxs" src="src/yatishDlgTimeslot.cpp" hdr="src/yatishDlgTimeslot.h" fwddecl="0" i18n="1" name="yatishDlgTimeslot" language="CPP" />
					<wxDialog wxs="wxsmith/yatishDlgFilter.wxs" src="src/yatishDlgFilter.cpp" hdr="src/yatishDlgFilter.h" fwddecl="0" i18n="1" name="yatishDlgFilter" language="CPP" />
					<wxDialog wxs="wxsmith/yatishSettings.wxs" src="src/yatishSettings.cpp" hdr="src/yatishSettings.h" fwddecl="0" i18n="1" name="yatishSettings" language="CPP" />
				</resources>
			</wxsmith>
		</Extensions>
	</Project>
</CodeBlocks_project_file>
